{
  "name": "gyosun",
  "version": "4.0.0",
  "lockfileVersion": 1,
  "requires": true,
  "dependencies": {
    "lodash": {
      "version": "4.17.19",
      "resolved": "https://registry.npmjs.org/lodash/-/lodash-4.17.19.tgz",
      "integrity": "sha512-JNvd8XER9GQX0v2qJgsaN/mzFCNA5BRe/j8JN9d+tWyGLSodKQHKFicdwNYzWwI3wjRnaKPsGj1XkBjx/F96DQ=="
    },
    "prune": {
      "version": "0.0.2",
      "resolved": "https://registry.npmjs.org/prune/-/prune-0.0.2.tgz",
      "integrity": "sha1-ymeFm+A4Hw6kKW2zbscAn+VcKK8=",
      "requires": {
        "lodash": "^4.17.15",
        "sproutid": "^0.0.5"
      }
    },
    "sproutid": {
      "version": "0.0.5",
      "resolved": "https://registry.npmjs.org/sproutid/-/sproutid-0.0.5.tgz",
      "integrity": "sha1-cUSRgzhH06eSzO8spaBlNfocUWU=",
      "requires": {
        "lodash": "^4.17.15"
      }
    }
  }
}
